
Microsoft Visual Studio Solution File, Format Version 12.00
# Visual Studio 15
VisualStudioVersion = 15.0.27004.2002
MinimumVisualStudioVersion = 10.0.40219.1
Project("{FAE04EC0-301F-11D3-BF4B-00C04F79EFBC}") = "_01_Phonebook", "Dictionaries\_01_Phonebook.csproj", "{EA372E71-F5C0-4F01-98CE-CE4F8176F36F}"
EndProject
Project("{FAE04EC0-301F-11D3-BF4B-00C04F79EFBC}") = "_02_Phonebook_Upgrade", "_02_Phonebook_Upgrade\_02_Phonebook_Upgrade.csproj", "{C7AB2915-84D3-41F3-A96F-C0D92B5972C8}"
EndProject
Project("{FAE04EC0-301F-11D3-BF4B-00C04F79EFBC}") = "_03_A_Miner_Task", "_03_A_Miner_Task\_03_A_Miner_Task.csproj", "{B035D3D5-88CE-430C-B1AB-36209B681412}"
EndProject
Project("{FAE04EC0-301F-11D3-BF4B-00C04F79EFBC}") = "_04_Fix_Emails", "04_Fix_Emails\_04_Fix_Emails.csproj", "{B89BBE25-1D19-4BE5-9525-4440CB5EAE15}"
EndProject
Project("{FAE04EC0-301F-11D3-BF4B-00C04F79EFBC}") = "_05_Hands_of_Cards", "_05_Hands_of_Cards\_05_Hands_of_Cards.csproj", "{445B94F6-35FA-4842-9347-DAA25C17C9D0}"
EndProject
Global
	GlobalSection(SolutionConfigurationPlatforms) = preSolution
		Debug|Any CPU = Debug|Any CPU
		Release|Any CPU = Release|Any CPU
	EndGlobalSection
	GlobalSection(ProjectConfigurationPlatforms) = postSolution
		{EA372E71-F5C0-4F01-98CE-CE4F8176F36F}.Debug|Any CPU.ActiveCfg = Debug|Any CPU
		{EA372E71-F5C0-4F01-98CE-CE4F8176F36F}.Debug|Any CPU.Build.0 = Debug|Any CPU
		{EA372E71-F5C0-4F01-98CE-CE4F8176F36F}.Release|Any CPU.ActiveCfg = Release|Any CPU
		{EA372E71-F5C0-4F01-98CE-CE4F8176F36F}.Release|Any CPU.Build.0 = Release|Any CPU
		{C7AB2915-84D3-41F3-A96F-C0D92B5972C8}.Debug|Any CPU.ActiveCfg = Debug|Any CPU
		{C7AB2915-84D3-41F3-A96F-C0D92B5972C8}.Debug|Any CPU.Build.0 = Debug|Any CPU
		{C7AB2915-84D3-41F3-A96F-C0D92B5972C8}.Release|Any CPU.ActiveCfg = Release|Any CPU
		{C7AB2915-84D3-41F3-A96F-C0D92B5972C8}.Release|Any CPU.Build.0 = Release|Any CPU
		{B035D3D5-88CE-430C-B1AB-36209B681412}.Debug|Any CPU.ActiveCfg = Debug|Any CPU
		{B035D3D5-88CE-430C-B1AB-36209B681412}.Debug|Any CPU.Build.0 = Debug|Any CPU
		{B035D3D5-88CE-430C-B1AB-36209B681412}.Release|Any CPU.ActiveCfg = Release|Any CPU
		{B035D3D5-88CE-430C-B1AB-36209B681412}.Release|Any CPU.Build.0 = Release|Any CPU
		{B89BBE25-1D19-4BE5-9525-4440CB5EAE15}.Debug|Any CPU.ActiveCfg = Debug|Any CPU
		{B89BBE25-1D19-4BE5-9525-4440CB5EAE15}.Debug|Any CPU.Build.0 = Debug|Any CPU
		{B89BBE25-1D19-4BE5-9525-4440CB5EAE15}.Release|Any CPU.ActiveCfg = Release|Any CPU
		{B89BBE25-1D19-4BE5-9525-4440CB5EAE15}.Release|Any CPU.Build.0 = Release|Any CPU
		{445B94F6-35FA-4842-9347-DAA25C17C9D0}.Debug|Any CPU.ActiveCfg = Debug|Any CPU
		{445B94F6-35FA-4842-9347-DAA25C17C9D0}.Debug|Any CPU.Build.0 = Debug|Any CPU
		{445B94F6-35FA-4842-9347-DAA25C17C9D0}.Release|Any CPU.ActiveCfg = Release|Any CPU
		{445B94F6-35FA-4842-9347-DAA25C17C9D0}.Release|Any CPU.Build.0 = Release|Any CPU
	EndGlobalSection
	GlobalSection(SolutionProperties) = preSolution
		HideSolutionNode = FALSE
	EndGlobalSection
	GlobalSection(ExtensibilityGlobals) = postSolution
		SolutionGuid = {1247CCB6-9637-4F96-80C9-D57CE2240990}
	EndGlobalSection
EndGlobal
